
Microsoft Visual Studio Solution File, Format Version 12.00
# Visual Studio Version 17
VisualStudioVersion = 17.2.32616.157
MinimumVisualStudioVersion = 10.0.40219.1
Project("{FAE04EC0-301F-11D3-BF4B-00C04F79EFBC}") = "GuessingGame", "GuessingGame\GuessingGame.csproj", "{947D34D5-5469-4C01-834A-96A8F191206D}"
EndProject
Global
	GlobalSection(SolutionConfigurationPlatforms) = preSolution
		Debug|Any CPU = Debug|Any CPU
		Release|Any CPU = Release|Any CPU
	EndGlobalSection
	GlobalSection(ProjectConfigurationPlatforms) = postSolution
		{947D34D5-5469-4C01-834A-96A8F191206D}.Debug|Any CPU.ActiveCfg = Debug|Any CPU
		{947D34D5-5469-4C01-834A-96A8F191206D}.Debug|Any CPU.Build.0 = Debug|Any CPU
		{947D34D5-5469-4C01-834A-96A8F191206D}.Release|Any CPU.ActiveCfg = Release|Any CPU
		{947D34D5-5469-4C01-834A-96A8F191206D}.Release|Any CPU.Build.0 = Release|Any CPU
	EndGlobalSection
	GlobalSection(SolutionProperties) = preSolution
		HideSolutionNode = FALSE
	EndGlobalSection
	GlobalSection(ExtensibilityGlobals) = postSolution
		SolutionGuid = {3393A020-3A34-498A-9C70-6E106D8CB49F}
	EndGlobalSection
EndGlobal
